
Microsoft Visual Studio Solution File, Format Version 12.00
# Visual Studio 14
VisualStudioVersion = 14.0.25420.1
MinimumVisualStudioVersion = 10.0.40219.1
Project("{FAE04EC0-301F-11D3-BF4B-00C04F79EFBC}") = "SquareRoot", "SquareRoot\SquareRoot.csproj", "{E4FF6EC8-6486-4D07-B006-8D9C3EFE0D19}"
EndProject
Project("{FAE04EC0-301F-11D3-BF4B-00C04F79EFBC}") = "SquareRootTest", "SquareRootTest\SquareRootTest.csproj", "{1F640D6D-57EB-4ED3-9E3B-077EBA69248D}"
EndProject
Global
	GlobalSection(SolutionConfigurationPlatforms) = preSolution
		Debug|Any CPU = Debug|Any CPU
		Debug|ARM = Debug|ARM
		Debug|x64 = Debug|x64
		Debug|x86 = Debug|x86
		Release|Any CPU = Release|Any CPU
		Release|ARM = Release|ARM
		Release|x64 = Release|x64
		Release|x86 = Release|x86
	EndGlobalSection
	GlobalSection(ProjectConfigurationPlatforms) = postSolution
		{E4FF6EC8-6486-4D07-B006-8D9C3EFE0D19}.Debug|Any CPU.ActiveCfg = Debug|Any CPU
		{E4FF6EC8-6486-4D07-B006-8D9C3EFE0D19}.Debug|Any CPU.Build.0 = Debug|Any CPU
		{E4FF6EC8-6486-4D07-B006-8D9C3EFE0D19}.Debug|ARM.ActiveCfg = Debug|Any CPU
		{E4FF6EC8-6486-4D07-B006-8D9C3EFE0D19}.Debug|ARM.Build.0 = Debug|Any CPU
		{E4FF6EC8-6486-4D07-B006-8D9C3EFE0D19}.Debug|x64.ActiveCfg = Debug|Any CPU
		{E4FF6EC8-6486-4D07-B006-8D9C3EFE0D19}.Debug|x64.Build.0 = Debug|Any CPU
		{E4FF6EC8-6486-4D07-B006-8D9C3EFE0D19}.Debug|x86.ActiveCfg = Debug|Any CPU
		{E4FF6EC8-6486-4D07-B006-8D9C3EFE0D19}.Debug|x86.Build.0 = Debug|Any CPU
		{E4FF6EC8-6486-4D07-B006-8D9C3EFE0D19}.Release|Any CPU.ActiveCfg = Release|Any CPU
		{E4FF6EC8-6486-4D07-B006-8D9C3EFE0D19}.Release|Any CPU.Build.0 = Release|Any CPU
		{E4FF6EC8-6486-4D07-B006-8D9C3EFE0D19}.Release|ARM.ActiveCfg = Release|Any CPU
		{E4FF6EC8-6486-4D07-B006-8D9C3EFE0D19}.Release|ARM.Build.0 = Release|Any CPU
		{E4FF6EC8-6486-4D07-B006-8D9C3EFE0D19}.Release|x64.ActiveCfg = Release|Any CPU
		{E4FF6EC8-6486-4D07-B006-8D9C3EFE0D19}.Release|x64.Build.0 = Release|Any CPU
		{E4FF6EC8-6486-4D07-B006-8D9C3EFE0D19}.Release|x86.ActiveCfg = Release|Any CPU
		{E4FF6EC8-6486-4D07-B006-8D9C3EFE0D19}.Release|x86.Build.0 = Release|Any CPU
		{1F640D6D-57EB-4ED3-9E3B-077EBA69248D}.Debug|Any CPU.ActiveCfg = Debug|Any CPU
		{1F640D6D-57EB-4ED3-9E3B-077EBA69248D}.Debug|Any CPU.Build.0 = Debug|Any CPU
		{1F640D6D-57EB-4ED3-9E3B-077EBA69248D}.Debug|ARM.ActiveCfg = Debug|Any CPU
		{1F640D6D-57EB-4ED3-9E3B-077EBA69248D}.Debug|ARM.Build.0 = Debug|Any CPU
		{1F640D6D-57EB-4ED3-9E3B-077EBA69248D}.Debug|x64.ActiveCfg = Debug|Any CPU
		{1F640D6D-57EB-4ED3-9E3B-077EBA69248D}.Debug|x64.Build.0 = Debug|Any CPU
		{1F640D6D-57EB-4ED3-9E3B-077EBA69248D}.Debug|x86.ActiveCfg = Debug|Any CPU
		{1F640D6D-57EB-4ED3-9E3B-077EBA69248D}.Debug|x86.Build.0 = Debug|Any CPU
		{1F640D6D-57EB-4ED3-9E3B-077EBA69248D}.Release|Any CPU.ActiveCfg = Release|Any CPU
		{1F640D6D-57EB-4ED3-9E3B-077EBA69248D}.Release|Any CPU.Build.0 = Release|Any CPU
		{1F640D6D-57EB-4ED3-9E3B-077EBA69248D}.Release|ARM.ActiveCfg = Release|Any CPU
		{1F640D6D-57EB-4ED3-9E3B-077EBA69248D}.Release|ARM.Build.0 = Release|Any CPU
		{1F640D6D-57EB-4ED3-9E3B-077EBA69248D}.Release|x64.ActiveCfg = Release|Any CPU
		{1F640D6D-57EB-4ED3-9E3B-077EBA69248D}.Release|x64.Build.0 = Release|Any CPU
		{1F640D6D-57EB-4ED3-9E3B-077EBA69248D}.Release|x86.ActiveCfg = Release|Any CPU
		{1F640D6D-57EB-4ED3-9E3B-077EBA69248D}.Release|x86.Build.0 = Release|Any CPU
	EndGlobalSection
	GlobalSection(SolutionProperties) = preSolution
		HideSolutionNode = FALSE
	EndGlobalSection
EndGlobal
